PODS:
  - Alamofire (5.0.0-rc.2)
  - AlamofireObjectMapper (6.2.0):
    - Alamofire (= 5.0.0-rc.2)
    - ObjectMapper (~> 3.5.1)
  - Cosmos (23.0.0)
  - Kingfisher (6.3.0)
  - ObjectMapper (3.5.3)

DEPENDENCIES:
  - Alamofire
  - Alamofire (~> 5.0.0-rc.2)
  - AlamofireObjectMapper
  - Cosmos (~> 23.0)
  - Kingfisher (~> 6.0)
  - ObjectMapper

SPEC REPOS:
  trunk:
    - Alamofire
    - AlamofireObjectMapper
    - Cosmos
    - Kingfisher
    - ObjectMapper

SPEC CHECKSUMS:
  Alamofire: f9450d3c7f6bea2ad62e7a541c3e9b186c7991d6
  AlamofireObjectMapper: 74d1440c92c42bbcc2b5f4dc81654ac095ec669f
  Cosmos: b5c6a9a637e28a061b54c8f8b1d8529d7d4db73f
  Kingfisher: 6c3df386db71d82c0817a429d2c9421a77396529
  ObjectMapper: 97111c97e054a6ee25917662106689f0b4127b37

PODFILE CHECKSUM: f1642cf233f3bf9fa4c98c66db193eeca794c16d

COCOAPODS: 1.10.1
